
Microsoft Visual Studio Solution File, Format Version 12.00
# Visual Studio 15
Project("{FAE04EC0-301F-11D3-BF4B-00C04F79EFBC}") = "Server", "Server\Server.csproj", "{A9B194DD-7731-4540-9BEF-13D9B8FFC456}"
EndProject
Project("{FAE04EC0-301F-11D3-BF4B-00C04F79EFBC}") = "Client", "Client\Client.csproj", "{19FBC9A9-3350-4E20-A5EF-17EAD21B8086}"
EndProject
Global
	GlobalSection(SolutionConfigurationPlatforms) = preSolution
		Debug|Any CPU = Debug|Any CPU
		Release|Any CPU = Release|Any CPU
	EndGlobalSection
	GlobalSection(ProjectConfigurationPlatforms) = postSolution
		{A9B194DD-7731-4540-9BEF-13D9B8FFC456}.Debug|Any CPU.ActiveCfg = Debug|Any CPU
		{A9B194DD-7731-4540-9BEF-13D9B8FFC456}.Debug|Any CPU.Build.0 = Debug|Any CPU
		{A9B194DD-7731-4540-9BEF-13D9B8FFC456}.Release|Any CPU.ActiveCfg = Release|Any CPU
		{A9B194DD-7731-4540-9BEF-13D9B8FFC456}.Release|Any CPU.Build.0 = Release|Any CPU
		{19FBC9A9-3350-4E20-A5EF-17EAD21B8086}.Debug|Any CPU.ActiveCfg = Debug|Any CPU
		{19FBC9A9-3350-4E20-A5EF-17EAD21B8086}.Debug|Any CPU.Build.0 = Debug|Any CPU
		{19FBC9A9-3350-4E20-A5EF-17EAD21B8086}.Release|Any CPU.ActiveCfg = Release|Any CPU
		{19FBC9A9-3350-4E20-A5EF-17EAD21B8086}.Release|Any CPU.Build.0 = Release|Any CPU
	EndGlobalSection
EndGlobal
